
Microsoft Visual Studio Solution File, Format Version 12.00
# Visual Studio Version 16
VisualStudioVersion = 16.0.31025.194
MinimumVisualStudioVersion = 10.0.40219.1
Project("{FAE04EC0-301F-11D3-BF4B-00C04F79EFBC}") = "4GunOdev5_Dictionary", "4GunOdev5_Dictionary\4GunOdev5_Dictionary.csproj", "{FFB29AE3-03D8-41D6-BA8C-93CEDDD8D786}"
EndProject
Global
	GlobalSection(SolutionConfigurationPlatforms) = preSolution
		Debug|Any CPU = Debug|Any CPU
		Release|Any CPU = Release|Any CPU
	EndGlobalSection
	GlobalSection(ProjectConfigurationPlatforms) = postSolution
		{FFB29AE3-03D8-41D6-BA8C-93CEDDD8D786}.Debug|Any CPU.ActiveCfg = Debug|Any CPU
		{FFB29AE3-03D8-41D6-BA8C-93CEDDD8D786}.Debug|Any CPU.Build.0 = Debug|Any CPU
		{FFB29AE3-03D8-41D6-BA8C-93CEDDD8D786}.Release|Any CPU.ActiveCfg = Release|Any CPU
		{FFB29AE3-03D8-41D6-BA8C-93CEDDD8D786}.Release|Any CPU.Build.0 = Release|Any CPU
	EndGlobalSection
	GlobalSection(SolutionProperties) = preSolution
		HideSolutionNode = FALSE
	EndGlobalSection
	GlobalSection(ExtensibilityGlobals) = postSolution
		SolutionGuid = {D427B84D-34D0-4A35-B6E9-EEC9D835D5FD}
	EndGlobalSection
EndGlobal
